
Microsoft Visual Studio Solution File, Format Version 12.00
# Visual Studio 15
VisualStudioVersion = 15.0.27130.2024
MinimumVisualStudioVersion = 10.0.40219.1
Project("{2150E333-8FDC-42A3-9474-1A3956D46DE8}") = "Service", "Service", "{66770DFA-F821-471E-B947-F504726CCC18}"
EndProject
Project("{2150E333-8FDC-42A3-9474-1A3956D46DE8}") = "Domain", "Domain", "{CBC6C632-FCF6-41D2-A6B6-3AA4144705AE}"
EndProject
Project("{2150E333-8FDC-42A3-9474-1A3956D46DE8}") = "Infrastructure", "Infrastructure", "{84343EE7-8612-4A2A-8B0B-E187B624E979}"
EndProject
Project("{2150E333-8FDC-42A3-9474-1A3956D46DE8}") = "Repository", "Repository", "{9D5E8E4A-DBAB-4BC7-B058-E3FC6208F39E}"
EndProject
Project("{9A19103F-16F7-4668-BE54-9A1E7A4F7556}") = "DomainModel", "Service\Domain\DomainModel\DomainModel.csproj", "{5E768CFA-4D86-4EA8-8CCD-098EAC3091B3}"
EndProject
Project("{9A19103F-16F7-4668-BE54-9A1E7A4F7556}") = "RepositoryModel", "Service\Infrastructure\Repository\RepositoryModel\RepositoryModel.csproj", "{BDAB5F35-8A19-470B-B725-99F0F46232C9}"
EndProject
Project("{2150E333-8FDC-42A3-9474-1A3956D46DE8}") = "Implementations", "Implementations", "{776FF142-8D75-4014-8E80-82FAD25202DC}"
EndProject
Project("{FAE04EC0-301F-11D3-BF4B-00C04F79EFBC}") = "EF6", "Service\Infrastructure\Repository\Implementations\EF6\EF6.csproj", "{36C8C532-73E2-4C30-96CE-3149F475EDB6}"
EndProject
Project("{FAE04EC0-301F-11D3-BF4B-00C04F79EFBC}") = "ServiceModel", "Service\ServiceModel\ServiceModel.csproj", "{B64CA470-2F01-4650-8926-A800FBF2B7AE}"
EndProject
Project("{2150E333-8FDC-42A3-9474-1A3956D46DE8}") = "ServiceEndPoints", "ServiceEndPoints", "{1CAC4325-71FC-4AA2-B5D0-2C7E7437F79E}"
EndProject
Project("{FAE04EC0-301F-11D3-BF4B-00C04F79EFBC}") = "REST_WebApi", "Service\ServiceEndPoints\REST_WebApi\REST_WebApi.csproj", "{C7E3B250-79C8-44C2-8DEC-F2E868B2C0EC}"
EndProject
Global
	GlobalSection(SolutionConfigurationPlatforms) = preSolution
		Debug|Any CPU = Debug|Any CPU
		Release|Any CPU = Release|Any CPU
	EndGlobalSection
	GlobalSection(ProjectConfigurationPlatforms) = postSolution
		{5E768CFA-4D86-4EA8-8CCD-098EAC3091B3}.Debug|Any CPU.ActiveCfg = Debug|Any CPU
		{5E768CFA-4D86-4EA8-8CCD-098EAC3091B3}.Debug|Any CPU.Build.0 = Debug|Any CPU
		{5E768CFA-4D86-4EA8-8CCD-098EAC3091B3}.Release|Any CPU.ActiveCfg = Release|Any CPU
		{5E768CFA-4D86-4EA8-8CCD-098EAC3091B3}.Release|Any CPU.Build.0 = Release|Any CPU
		{BDAB5F35-8A19-470B-B725-99F0F46232C9}.Debug|Any CPU.ActiveCfg = Debug|Any CPU
		{BDAB5F35-8A19-470B-B725-99F0F46232C9}.Debug|Any CPU.Build.0 = Debug|Any CPU
		{BDAB5F35-8A19-470B-B725-99F0F46232C9}.Release|Any CPU.ActiveCfg = Release|Any CPU
		{BDAB5F35-8A19-470B-B725-99F0F46232C9}.Release|Any CPU.Build.0 = Release|Any CPU
		{36C8C532-73E2-4C30-96CE-3149F475EDB6}.Debug|Any CPU.ActiveCfg = Debug|Any CPU
		{36C8C532-73E2-4C30-96CE-3149F475EDB6}.Debug|Any CPU.Build.0 = Debug|Any CPU
		{36C8C532-73E2-4C30-96CE-3149F475EDB6}.Release|Any CPU.ActiveCfg = Release|Any CPU
		{36C8C532-73E2-4C30-96CE-3149F475EDB6}.Release|Any CPU.Build.0 = Release|Any CPU
		{B64CA470-2F01-4650-8926-A800FBF2B7AE}.Debug|Any CPU.ActiveCfg = Debug|Any CPU
		{B64CA470-2F01-4650-8926-A800FBF2B7AE}.Debug|Any CPU.Build.0 = Debug|Any CPU
		{B64CA470-2F01-4650-8926-A800FBF2B7AE}.Release|Any CPU.ActiveCfg = Release|Any CPU
		{B64CA470-2F01-4650-8926-A800FBF2B7AE}.Release|Any CPU.Build.0 = Release|Any CPU
		{C7E3B250-79C8-44C2-8DEC-F2E868B2C0EC}.Debug|Any CPU.ActiveCfg = Debug|Any CPU
		{C7E3B250-79C8-44C2-8DEC-F2E868B2C0EC}.Debug|Any CPU.Build.0 = Debug|Any CPU
		{C7E3B250-79C8-44C2-8DEC-F2E868B2C0EC}.Release|Any CPU.ActiveCfg = Release|Any CPU
		{C7E3B250-79C8-44C2-8DEC-F2E868B2C0EC}.Release|Any CPU.Build.0 = Release|Any CPU
	EndGlobalSection
	GlobalSection(SolutionProperties) = preSolution
		HideSolutionNode = FALSE
	EndGlobalSection
	GlobalSection(NestedProjects) = preSolution
		{CBC6C632-FCF6-41D2-A6B6-3AA4144705AE} = {66770DFA-F821-471E-B947-F504726CCC18}
		{84343EE7-8612-4A2A-8B0B-E187B624E979} = {66770DFA-F821-471E-B947-F504726CCC18}
		{9D5E8E4A-DBAB-4BC7-B058-E3FC6208F39E} = {84343EE7-8612-4A2A-8B0B-E187B624E979}
		{5E768CFA-4D86-4EA8-8CCD-098EAC3091B3} = {CBC6C632-FCF6-41D2-A6B6-3AA4144705AE}
		{BDAB5F35-8A19-470B-B725-99F0F46232C9} = {9D5E8E4A-DBAB-4BC7-B058-E3FC6208F39E}
		{776FF142-8D75-4014-8E80-82FAD25202DC} = {9D5E8E4A-DBAB-4BC7-B058-E3FC6208F39E}
		{36C8C532-73E2-4C30-96CE-3149F475EDB6} = {776FF142-8D75-4014-8E80-82FAD25202DC}
		{B64CA470-2F01-4650-8926-A800FBF2B7AE} = {66770DFA-F821-471E-B947-F504726CCC18}
		{1CAC4325-71FC-4AA2-B5D0-2C7E7437F79E} = {66770DFA-F821-471E-B947-F504726CCC18}
		{C7E3B250-79C8-44C2-8DEC-F2E868B2C0EC} = {1CAC4325-71FC-4AA2-B5D0-2C7E7437F79E}
	EndGlobalSection
	GlobalSection(ExtensibilityGlobals) = postSolution
		SolutionGuid = {D14DBA8F-E7A9-4DF5-858A-8D07FAD0C486}
	EndGlobalSection
EndGlobal
